
Microsoft Visual Studio Solution File, Format Version 12.00
# Visual Studio Version 17
VisualStudioVersion = 17.14.36301.6 d17.14
MinimumVisualStudioVersion = 10.0.40219.1
Project("{FAE04EC0-301F-11D3-BF4B-00C04F79EFBC}") = "ITexAPI", "ITexAPI\ITexAPI.csproj", "{D70A8F37-B5F8-4AED-931E-CF0903A35687}"
EndProject
Global
	GlobalSection(SolutionConfigurationPlatforms) = preSolution
		Debug|Any CPU = Debug|Any CPU
		Release|Any CPU = Release|Any CPU
	EndGlobalSection
	GlobalSection(ProjectConfigurationPlatforms) = postSolution
		{D70A8F37-B5F8-4AED-931E-CF0903A35687}.Debug|Any CPU.ActiveCfg = Debug|Any CPU
		{D70A8F37-B5F8-4AED-931E-CF0903A35687}.Debug|Any CPU.Build.0 = Debug|Any CPU
		{D70A8F37-B5F8-4AED-931E-CF0903A35687}.Release|Any CPU.ActiveCfg = Release|Any CPU
		{D70A8F37-B5F8-4AED-931E-CF0903A35687}.Release|Any CPU.Build.0 = Release|Any CPU
	EndGlobalSection
	GlobalSection(SolutionProperties) = preSolution
		HideSolutionNode = FALSE
	EndGlobalSection
	GlobalSection(ExtensibilityGlobals) = postSolution
		SolutionGuid = {44DCAAC1-4338-4030-89D7-6056D4DD1427}
	EndGlobalSection
EndGlobal
